
Microsoft Visual Studio Solution File, Format Version 12.00
# Visual Studio Version 17
VisualStudioVersion = 17.14.37411.7 d17.14
MinimumVisualStudioVersion = 10.0.40219.1
Project("{FAE04EC0-301F-11D3-BF4B-00C04F79EFBC}") = "TrainingApp", "TrainingApp.csproj", "{A39508DD-BE97-4B8B-9004-8AF2CDD5883A}"
EndProject
Global
	GlobalSection(SolutionConfigurationPlatforms) = preSolution
		Debug|Any CPU = Debug|Any CPU
		Release|Any CPU = Release|Any CPU
	EndGlobalSection
	GlobalSection(ProjectConfigurationPlatforms) = postSolution
		{A39508DD-BE97-4B8B-9004-8AF2CDD5883A}.Debug|Any CPU.ActiveCfg = Debug|Any CPU
		{A39508DD-BE97-4B8B-9004-8AF2CDD5883A}.Debug|Any CPU.Build.0 = Debug|Any CPU
		{A39508DD-BE97-4B8B-9004-8AF2CDD5883A}.Release|Any CPU.ActiveCfg = Release|Any CPU
		{A39508DD-BE97-4B8B-9004-8AF2CDD5883A}.Release|Any CPU.Build.0 = Release|Any CPU
	EndGlobalSection
	GlobalSection(SolutionProperties) = preSolution
		HideSolutionNode = FALSE
	EndGlobalSection
	GlobalSection(ExtensibilityGlobals) = postSolution
		SolutionGuid = {E848A304-3458-4692-B8F9-3479183E5551}
	EndGlobalSection
EndGlobal
